
Microsoft Visual Studio Solution File, Format Version 12.00
# Visual Studio Version 16
VisualStudioVersion = 16.0.809.6
MinimumVisualStudioVersion = 10.0.40219.1
Project("{FAE04EC0-301F-11D3-BF4B-00C04F79EFBC}") = "Sculptor", "Sculptor\Sculptor.csproj", "{DCC8F043-112D-46B0-B3BE-426E910ACC4E}"
EndProject
Global
	GlobalSection(SolutionConfigurationPlatforms) = preSolution
		Debug|Any CPU = Debug|Any CPU
		Release|Any CPU = Release|Any CPU
	EndGlobalSection
	GlobalSection(ProjectConfigurationPlatforms) = postSolution
		{DCC8F043-112D-46B0-B3BE-426E910ACC4E}.Debug|Any CPU.ActiveCfg = Debug|Any CPU
		{DCC8F043-112D-46B0-B3BE-426E910ACC4E}.Debug|Any CPU.Build.0 = Debug|Any CPU
		{DCC8F043-112D-46B0-B3BE-426E910ACC4E}.Release|Any CPU.ActiveCfg = Release|Any CPU
		{DCC8F043-112D-46B0-B3BE-426E910ACC4E}.Release|Any CPU.Build.0 = Release|Any CPU
	EndGlobalSection
	GlobalSection(SolutionProperties) = preSolution
		HideSolutionNode = FALSE
	EndGlobalSection
	GlobalSection(ExtensibilityGlobals) = postSolution
		SolutionGuid = {9C15D2C3-AD5E-4748-A8C1-07EA6BAE1A03}
	EndGlobalSection
EndGlobal
